
Microsoft Visual Studio Solution File, Format Version 12.00
# Visual Studio Version 17
VisualStudioVersion = 17.3.32929.385
MinimumVisualStudioVersion = 10.0.40219.1
Project("{FAE04EC0-301F-11D3-BF4B-00C04F79EFBC}") = "drzewa", "drzewa.csproj", "{F0845884-5028-4107-89B8-F82C42E13A68}"
EndProject
Global
	GlobalSection(SolutionConfigurationPlatforms) = preSolution
		Debug|Any CPU = Debug|Any CPU
		Release|Any CPU = Release|Any CPU
	EndGlobalSection
	GlobalSection(ProjectConfigurationPlatforms) = postSolution
		{F0845884-5028-4107-89B8-F82C42E13A68}.Debug|Any CPU.ActiveCfg = Debug|Any CPU
		{F0845884-5028-4107-89B8-F82C42E13A68}.Debug|Any CPU.Build.0 = Debug|Any CPU
		{F0845884-5028-4107-89B8-F82C42E13A68}.Release|Any CPU.ActiveCfg = Release|Any CPU
		{F0845884-5028-4107-89B8-F82C42E13A68}.Release|Any CPU.Build.0 = Release|Any CPU
	EndGlobalSection
	GlobalSection(SolutionProperties) = preSolution
		HideSolutionNode = FALSE
	EndGlobalSection
	GlobalSection(ExtensibilityGlobals) = postSolution
		SolutionGuid = {906FC995-28C6-43E8-967D-44420C1FC0FE}
	EndGlobalSection
EndGlobal
